
Microsoft Visual Studio Solution File, Format Version 12.00
# Visual Studio Version 17
VisualStudioVersion = 17.6.33723.286
MinimumVisualStudioVersion = 10.0.40219.1
Project("{FAE04EC0-301F-11D3-BF4B-00C04F79EFBC}") = "Homework_22", "Homework_22.csproj", "{74249834-A1B0-43AC-8461-C6DABC7EF3B9}"
EndProject
Global
	GlobalSection(SolutionConfigurationPlatforms) = preSolution
		Debug|Any CPU = Debug|Any CPU
		Release|Any CPU = Release|Any CPU
	EndGlobalSection
	GlobalSection(ProjectConfigurationPlatforms) = postSolution
		{74249834-A1B0-43AC-8461-C6DABC7EF3B9}.Debug|Any CPU.ActiveCfg = Debug|Any CPU
		{74249834-A1B0-43AC-8461-C6DABC7EF3B9}.Debug|Any CPU.Build.0 = Debug|Any CPU
		{74249834-A1B0-43AC-8461-C6DABC7EF3B9}.Release|Any CPU.ActiveCfg = Release|Any CPU
		{74249834-A1B0-43AC-8461-C6DABC7EF3B9}.Release|Any CPU.Build.0 = Release|Any CPU
	EndGlobalSection
	GlobalSection(SolutionProperties) = preSolution
		HideSolutionNode = FALSE
	EndGlobalSection
	GlobalSection(ExtensibilityGlobals) = postSolution
		SolutionGuid = {591F6AFD-BE39-454F-89E6-BC47A3B0A82C}
	EndGlobalSection
EndGlobal
